version = 1
revision = 2
requires-python = ">=3.9"

[[package]]
name = "dash-eeg-app2"
version = "0.1.0"
source = { virtual = "." }
dependencies = [
    { name = "superclaude" },
]

[package.metadata]
requires-dist = [{ name = "superclaude", specifier = ">=3.0.0.1" }]

[[package]]
name = "setuptools"
version = "80.9.0"
source = { registry = "https://pypi.org/simple" }
sdist = { url = "https://files.pythonhosted.org/packages/18/5d/3bf57dcd21979b887f014ea83c24ae194cfcd12b9e0fda66b957c69d1fca/setuptools-80.9.0.tar.gz", hash = "sha256:f36b47402ecde768dbfafc46e8e4207b4360c654f1f3bb84475f0a28628fb19c", size = 1319958, upload-time = "2025-05-27T00:56:51.443Z" }
wheels = [
    { url = "https://files.pythonhosted.org/packages/a3/dc/17031897dae0efacfea57dfd3a82fdd2a2aeb58e0ff71b77b87e44edc772/setuptools-80.9.0-py3-none-any.whl", hash = "sha256:062d34222ad13e0cc312a4c02d73f059e86a4acbfbdea8f8f76b28c99f306922", size = 1201486, upload-time = "2025-05-27T00:56:49.664Z" },
]

[[package]]
name = "superclaude"
version = "3.0.0.1"
source = { registry = "https://pypi.org/simple" }
dependencies = [
    { name = "setuptools" },
]
sdist = { url = "https://files.pythonhosted.org/packages/50/32/6f14cf2bff85ab3f71a5ffdb7fd6929280412fe19c3cb873577bb4ec93c0/superclaude-3.0.0.1.tar.gz", hash = "sha256:df994c50a6222363a550694e951f6148a36fcbe2f1093746d8b67e7c9fcb9279", size = 109736, upload-time = "2025-07-17T08:04:07.13Z" }
wheels = [
    { url = "https://files.pythonhosted.org/packages/18/07/dc83de11e91274af98d31e561c997f91ff95d378ff0c2949fd34d3bdd7e3/SuperClaude-3.0.0.1-py3-none-any.whl", hash = "sha256:cec1c6988e34579dfe0f7c48a0aadeb0c4999b6d46cc2ef7c5576fc15d601f6c", size = 136799, upload-time = "2025-07-17T08:04:05.764Z" },
]
